
Microsoft Visual Studio Solution File, Format Version 12.00
# Visual Studio 15
VisualStudioVersion = 15.0.27130.2010
MinimumVisualStudioVersion = 10.0.40219.1
Project("{FAE04EC0-301F-11D3-BF4B-00C04F79EFBC}") = "GitTestApp", "GitTestApp\GitTestApp.csproj", "{DA437F15-A794-46BD-A66D-8C38086ABA0F}"
EndProject
Global
	GlobalSection(SolutionConfigurationPlatforms) = preSolution
		Debug|Any CPU = Debug|Any CPU
		Release|Any CPU = Release|Any CPU
	EndGlobalSection
	GlobalSection(ProjectConfigurationPlatforms) = postSolution
		{DA437F15-A794-46BD-A66D-8C38086ABA0F}.Debug|Any CPU.ActiveCfg = Debug|Any CPU
		{DA437F15-A794-46BD-A66D-8C38086ABA0F}.Debug|Any CPU.Build.0 = Debug|Any CPU
		{DA437F15-A794-46BD-A66D-8C38086ABA0F}.Release|Any CPU.ActiveCfg = Release|Any CPU
		{DA437F15-A794-46BD-A66D-8C38086ABA0F}.Release|Any CPU.Build.0 = Release|Any CPU
	EndGlobalSection
	GlobalSection(SolutionProperties) = preSolution
		HideSolutionNode = FALSE
	EndGlobalSection
	GlobalSection(ExtensibilityGlobals) = postSolution
		SolutionGuid = {E998EAEF-28F9-4569-A1C6-16BD8DF8F215}
	EndGlobalSection
EndGlobal
